
Microsoft Visual Studio Solution File, Format Version 12.00
# Visual Studio 15
VisualStudioVersion = 15.0.28307.489
MinimumVisualStudioVersion = 10.0.40219.1
Project("{FAE04EC0-301F-11D3-BF4B-00C04F79EFBC}") = "MemberManagementSystem", "MemberManagementSystem\MemberManagementSystem.csproj", "{2388017E-33A7-465B-9047-90ECC87BDBB5}"
EndProject
Global
	GlobalSection(SolutionConfigurationPlatforms) = preSolution
		Debug|Any CPU = Debug|Any CPU
		Release|Any CPU = Release|Any CPU
	EndGlobalSection
	GlobalSection(ProjectConfigurationPlatforms) = postSolution
		{2388017E-33A7-465B-9047-90ECC87BDBB5}.Debug|Any CPU.ActiveCfg = Debug|Any CPU
		{2388017E-33A7-465B-9047-90ECC87BDBB5}.Debug|Any CPU.Build.0 = Debug|Any CPU
		{2388017E-33A7-465B-9047-90ECC87BDBB5}.Release|Any CPU.ActiveCfg = Release|Any CPU
		{2388017E-33A7-465B-9047-90ECC87BDBB5}.Release|Any CPU.Build.0 = Release|Any CPU
	EndGlobalSection
	GlobalSection(SolutionProperties) = preSolution
		HideSolutionNode = FALSE
	EndGlobalSection
	GlobalSection(ExtensibilityGlobals) = postSolution
		SolutionGuid = {1F73A038-C345-43A2-A5DD-70D8EFCD484F}
	EndGlobalSection
EndGlobal
